
Microsoft Visual Studio Solution File, Format Version 12.00
# Visual Studio Version 17
VisualStudioVersion = 17.0.32014.148
MinimumVisualStudioVersion = 10.0.40219.1
Project("{FAE04EC0-301F-11D3-BF4B-00C04F79EFBC}") = "os-demo", "os-demo\os-demo.csproj", "{EC4273D7-F570-4D8F-99FB-070B9C783403}"
EndProject
Global
	GlobalSection(SolutionConfigurationPlatforms) = preSolution
		Debug|Any CPU = Debug|Any CPU
		Release|Any CPU = Release|Any CPU
	EndGlobalSection
	GlobalSection(ProjectConfigurationPlatforms) = postSolution
		{EC4273D7-F570-4D8F-99FB-070B9C783403}.Debug|Any CPU.ActiveCfg = Debug|Any CPU
		{EC4273D7-F570-4D8F-99FB-070B9C783403}.Debug|Any CPU.Build.0 = Debug|Any CPU
		{EC4273D7-F570-4D8F-99FB-070B9C783403}.Release|Any CPU.ActiveCfg = Release|Any CPU
		{EC4273D7-F570-4D8F-99FB-070B9C783403}.Release|Any CPU.Build.0 = Release|Any CPU
	EndGlobalSection
	GlobalSection(SolutionProperties) = preSolution
		HideSolutionNode = FALSE
	EndGlobalSection
	GlobalSection(ExtensibilityGlobals) = postSolution
		SolutionGuid = {1F407255-8387-419D-B21B-465D5755E6F6}
	EndGlobalSection
EndGlobal
